
Microsoft Visual Studio Solution File, Format Version 12.00
# Visual Studio 15
VisualStudioVersion = 15.0.28307.645
MinimumVisualStudioVersion = 10.0.40219.1
Project("{FAE04EC0-301F-11D3-BF4B-00C04F79EFBC}") = "BfsMatrixTraverse", "BfsMatrixTraverse\BfsMatrixTraverse.csproj", "{44BD32E3-1ABE-4243-9C53-9943E90DAEB7}"
EndProject
Global
	GlobalSection(SolutionConfigurationPlatforms) = preSolution
		Debug|Any CPU = Debug|Any CPU
		Release|Any CPU = Release|Any CPU
	EndGlobalSection
	GlobalSection(ProjectConfigurationPlatforms) = postSolution
		{44BD32E3-1ABE-4243-9C53-9943E90DAEB7}.Debug|Any CPU.ActiveCfg = Debug|Any CPU
		{44BD32E3-1ABE-4243-9C53-9943E90DAEB7}.Debug|Any CPU.Build.0 = Debug|Any CPU
		{44BD32E3-1ABE-4243-9C53-9943E90DAEB7}.Release|Any CPU.ActiveCfg = Release|Any CPU
		{44BD32E3-1ABE-4243-9C53-9943E90DAEB7}.Release|Any CPU.Build.0 = Release|Any CPU
	EndGlobalSection
	GlobalSection(SolutionProperties) = preSolution
		HideSolutionNode = FALSE
	EndGlobalSection
	GlobalSection(ExtensibilityGlobals) = postSolution
		SolutionGuid = {FE857320-7988-4946-AE60-BE0E8E786634}
	EndGlobalSection
EndGlobal
