
Microsoft Visual Studio Solution File, Format Version 12.00
# Visual Studio 14
VisualStudioVersion = 14.0.25123.0
MinimumVisualStudioVersion = 10.0.40219.1
Project("{FAE04EC0-301F-11D3-BF4B-00C04F79EFBC}") = "SinglyLinkedListTest", "LinkedListTest\SinglyLinkedListTest.csproj", "{EED37E82-6350-4F66-BBAA-6FED0D9EA7E8}"
EndProject
Global
	GlobalSection(SolutionConfigurationPlatforms) = preSolution
		Debug|Any CPU = Debug|Any CPU
		Release|Any CPU = Release|Any CPU
	EndGlobalSection
	GlobalSection(ProjectConfigurationPlatforms) = postSolution
		{EED37E82-6350-4F66-BBAA-6FED0D9EA7E8}.Debug|Any CPU.ActiveCfg = Debug|Any CPU
		{EED37E82-6350-4F66-BBAA-6FED0D9EA7E8}.Debug|Any CPU.Build.0 = Debug|Any CPU
		{EED37E82-6350-4F66-BBAA-6FED0D9EA7E8}.Release|Any CPU.ActiveCfg = Release|Any CPU
		{EED37E82-6350-4F66-BBAA-6FED0D9EA7E8}.Release|Any CPU.Build.0 = Release|Any CPU
	EndGlobalSection
	GlobalSection(SolutionProperties) = preSolution
		HideSolutionNode = FALSE
	EndGlobalSection
EndGlobal
